// !$*UTF8*$!
{
	archiveVersion = 1;
	classes = {
	};
	objectVersion = 56;
	objects = {

/* Begin PBXBuildFile section */
		03544F04293C22A8008D0D72 /* AppDelegate.swift in Sources */ = {isa = PBXBuildFile; fileRef = 03544F03293C22A8008D0D72 /* AppDelegate.swift */; };
		03544F06293C22A8008D0D72 /* SceneDelegate.swift in Sources */ = {isa = PBXBuildFile; fileRef = 03544F05293C22A8008D0D72 /* SceneDelegate.swift */; };
		03544F08293C22A8008D0D72 /* ViewController.swift in Sources */ = {isa = PBXBuildFile; fileRef = 03544F07293C22A8008D0D72 /* ViewController.swift */; };
		03544F0B293C22A8008D0D72 /* Main.storyboard in Resources */ = {isa = PBXBuildFile; fileRef = 03544F09293C22A8008D0D72 /* Main.storyboard */; };
		03544F0D293C22AA008D0D72 /* Assets.xcassets in Resources */ = {isa = PBXBuildFile; fileRef = 03544F0C293C22AA008D0D72 /* Assets.xcassets */; };
		03544F10293C22AA008D0D72 /* LaunchScreen.storyboard in Resources */ = {isa = PBXBuildFile; fileRef = 03544F0E293C22AA008D0D72 /* LaunchScreen.storyboard */; };
		03544F1B293C22AA008D0D72 /* TestATests.swift in Sources */ = {isa = PBXBuildFile; fileRef = 03544F1A293C22AA008D0D72 /* TestATests.swift */; };
		03544F25293C22AA008D0D72 /* TestAUITests.swift in Sources */ = {isa = PBXBuildFile; fileRef = 03544F24293C22AA008D0D72 /* TestAUITests.swift */; };
		03544F27293C22AA008D0D72 /* TestAUITestsLaunchTests.swift in Sources */ = {isa = PBXBuildFile; fileRef = 03544F26293C22AA008D0D72 /* TestAUITestsLaunchTests.swift */; };
/* End PBXBuildFile section */

/* Begin PBXContainerItemProxy section */
		03544F17293C22AA008D0D72 /* PBXContainerItemProxy */ = {
			isa = PBXContainerItemProxy;
			containerPortal = 03544EF8293C22A8008D0D72 /* Project object */;
			proxyType = 1;
			remoteGlobalIDString = 03544EFF293C22A8008D0D72;
			remoteInfo = TestA;
		};
		03544F21293C22AA008D0D72 /* PBXContainerItemProxy */ = {
			isa = PBXContainerItemProxy;
			containerPortal = 03544EF8293C22A8008D0D72 /* Project object */;
			proxyType = 1;
			remoteGlobalIDString = 03544EFF293C22A8008D0D72;
			remoteInfo = TestA;
		};
/* End PBXContainerItemProxy section */

/* Begin PBXFileReference section */
		03544F00293C22A8008D0D72 /* TestA.app */ = {isa = PBXFileReference; explicitFileType = wrapper.application; includeInIndex = 0; path = TestA.app; sourceTree = BUILT_PRODUCTS_DIR; };
		03544F03293C22A8008D0D72 /* AppDelegate.swift */ = {isa = PBXFileReference; lastKnownFileType = sourcecode.swift; path = AppDelegate.swift; sourceTree = "<group>"; };
		03544F05293C22A8008D0D72 /* SceneDelegate.swift */ = {isa = PBXFileReference; lastKnownFileType = sourcecode.swift; path = SceneDelegate.swift; sourceTree = "<group>"; };
		03544F07293C22A8008D0D72 /* ViewController.swift */ = {isa = PBXFileReference; lastKnownFileType = sourcecode.swift; path = ViewController.swift; sourceTree = "<group>"; };
		03544F0A293C22A8008D0D72 /* Base */ = {isa = PBXFileReference; lastKnownFileType = file.storyboard; name = Base; path = Base.lproj/Main.storyboard; sourceTree = "<group>"; };
		03544F0C293C22AA008D0D72 /* Assets.xcassets */ = {isa = PBXFileReference; lastKnownFileType = folder.assetcatalog; path = Assets.xcassets; sourceTree = "<group>"; };
		03544F0F293C22AA008D0D72 /* Base */ = {isa = PBXFileReference; lastKnownFileType = file.storyboard; name = Base; path = Base.lproj/LaunchScreen.storyboard; sourceTree = "<group>"; };
		03544F11293C22AA008D0D72 /* Info.plist */ = {isa = PBXFileReference; lastKnownFileType = text.plist.xml; path = Info.plist; sourceTree = "<group>"; };
		03544F16293C22AA008D0D72 /* TestATests.xctest */ = {isa = PBXFileReference; explicitFileType = wrapper.cfbundle; includeInIndex = 0; path = TestATests.xctest; sourceTree = BUILT_PRODUCTS_DIR; };
		03544F1A293C22AA008D0D72 /* TestATests.swift */ = {isa = PBXFileReference; lastKnownFileType = sourcecode.swift; path = TestATests.swift; sourceTree = "<group>"; };
		03544F20293C22AA008D0D72 /* TestAUITests.xctest */ = {isa = PBXFileReference; explicitFileType = wrapper.cfbundle; includeInIndex = 0; path = TestAUITests.xctest; sourceTree = BUILT_PRODUCTS_DIR; };
		03544F24293C22AA008D0D72 /* TestAUITests.swift */ = {isa = PBXFileReference; lastKnownFileType = sourcecode.swift; path = TestAUITests.swift; sourceTree = "<group>"; };
		03544F26293C22AA008D0D72 /* TestAUITestsLaunchTests.swift */ = {isa = PBXFileReference; lastKnownFileType = sourcecode.swift; path = TestAUITestsLaunchTests.swift; sourceTree = "<group>"; };
/* End PBXFileReference section */

/* Begin PBXFrameworksBuildPhase section */
		03544EFD293C22A8008D0D72 /* Frameworks */ = {
			isa = PBXFrameworksBuildPhase;
			buildActionMask = 2147483647;
			files = (
			);
			runOnlyForDeploymentPostprocessing = 0;
		};
		03544F13293C22AA008D0D72 /* Frameworks */ = {
			isa = PBXFrameworksBuildPhase;
			buildActionMask = 2147483647;
			files = (
			);
			runOnlyForDeploymentPostprocessing = 0;
		};
		03544F1D293C22AA008D0D72 /* Frameworks */ = {
			isa = PBXFrameworksBuildPhase;
			buildActionMask = 2147483647;
			files = (
			);
			runOnlyForDeploymentPostprocessing = 0;
		};
/* End PBXFrameworksBuildPhase section */

/* Begin PBXGroup section */
		03544EF7293C22A8008D0D72 = {
			isa = PBXGroup;
			children = (
				03544F02293C22A8008D0D72 /* TestA */,
				03544F19293C22AA008D0D72 /* TestATests */,
				03544F23293C22AA008D0D72 /* TestAUITests */,
				03544F01293C22A8008D0D72 /* Products */,
			);
			sourceTree = "<group>";
		};
		03544F01293C22A8008D0D72 /* Products */ = {
			isa = PBXGroup;
			children = (
				03544F00293C22A8008D0D72 /* TestA.app */,
				03544F16293C22AA008D0D72 /* TestATests.xctest */,
				03544F20293C22AA008D0D72 /* TestAUITests.xctest */,
			);
			name = Products;
			sourceTree = "<group>";
		};
		03544F02293C22A8008D0D72 /* TestA */ = {
			isa = PBXGroup;
			children = (
				03544F03293C22A8008D0D72 /* AppDelegate.swift */,
				03544F05293C22A8008D0D72 /* SceneDelegate.swift */,
				03544F07293C22A8008D0D72 /* ViewController.swift */,
				03544F09293C22A8008D0D72 /* Main.storyboard */,
				03544F0C293C22AA008D0D72 /* Assets.xcassets */,
				03544F0E293C22AA008D0D72 /* LaunchScreen.storyboard */,
				03544F11293C22AA008D0D72 /* Info.plist */,
			);
			path = TestA;
			sourceTree = "<group>";
		};
		03544F19293C22AA008D0D72 /* TestATests */ = {
			isa = PBXGroup;
			children = (
				03544F1A293C22AA008D0D72 /* TestATests.swift */,
			);
			path = TestATests;
			sourceTree = "<group>";
		};
		03544F23293C22AA008D0D72 /* TestAUITests */ = {
			isa = PBXGroup;
			children = (
				03544F24293C22AA008D0D72 /* TestAUITests.swift */,
				03544F26293C22AA008D0D72 /* TestAUITestsLaunchTests.swift */,
			);
			path = TestAUITests;
			sourceTree = "<group>";
		};
/* End PBXGroup section */

/* Begin PBXNativeTarget section */
		03544EFF293C22A8008D0D72 /* TestA */ = {
			isa = PBXNativeTarget;
			buildConfigurationList = 03544F2A293C22AA008D0D72 /* Build configuration list for PBXNativeTarget "TestA" */;
			buildPhases = (
				03544EFC293C22A8008D0D72 /* Sources */,
				03544EFD293C22A8008D0D72 /* Frameworks */,
				03544EFE293C22A8008D0D72 /* Resources */,
			);
			buildRules = (
			);
			dependencies = (
			);
			name = TestA;
			productName = TestA;
			productReference = 03544F00293C22A8008D0D72 /* TestA.app */;
			productType = "com.apple.product-type.application";
		};
		03544F15293C22AA008D0D72 /* TestATests */ = {
			isa = PBXNativeTarget;
			buildConfigurationList = 03544F2D293C22AA008D0D72 /* Build configuration list for PBXNativeTarget "TestATests" */;
			buildPhases = (
				03544F12293C22AA008D0D72 /* Sources */,
				03544F13293C22AA008D0D72 /* Frameworks */,
				03544F14293C22AA008D0D72 /* Resources */,
			);
			buildRules = (
			);
			dependencies = (
				03544F18293C22AA008D0D72 /* PBXTargetDependency */,
			);
			name = TestATests;
			productName = TestATests;
			productReference = 03544F16293C22AA008D0D72 /* TestATests.xctest */;
			productType = "com.apple.product-type.bundle.unit-test";
		};
		03544F1F293C22AA008D0D72 /* TestAUITests */ = {
			isa = PBXNativeTarget;
			buildConfigurationList = 03544F30293C22AA008D0D72 /* Build configuration list for PBXNativeTarget "TestAUITests" */;
			buildPhases = (
				03544F1C293C22AA008D0D72 /* Sources */,
				03544F1D293C22AA008D0D72 /* Frameworks */,
				03544F1E293C22AA008D0D72 /* Resources */,
			);
			buildRules = (
			);
			dependencies = (
				03544F22293C22AA008D0D72 /* PBXTargetDependency */,
			);
			name = TestAUITests;
			productName = TestAUITests;
			productReference = 03544F20293C22AA008D0D72 /* TestAUITests.xctest */;
			productType = "com.apple.product-type.bundle.ui-testing";
		};
/* End PBXNativeTarget section */

/* Begin PBXProject section */
		03544EF8293C22A8008D0D72 /* Project object */ = {
			isa = PBXProject;
			attributes = {
				BuildIndependentTargetsInParallel = 1;
				LastSwiftUpdateCheck = 1400;
				LastUpgradeCheck = 1400;
				TargetAttributes = {
					03544EFF293C22A8008D0D72 = {
						CreatedOnToolsVersion = 14.0.1;
					};
					03544F15293C22AA008D0D72 = {
						CreatedOnToolsVersion = 14.0.1;
						TestTargetID = 03544EFF293C22A8008D0D72;
					};
					03544F1F293C22AA008D0D72 = {
						CreatedOnToolsVersion = 14.0.1;
						TestTargetID = 03544EFF293C22A8008D0D72;
					};
				};
			};
			buildConfigurationList = 03544EFB293C22A8008D0D72 /* Build configuration list for PBXProject "TestA" */;
			compatibilityVersion = "Xcode 14.0";
			developmentRegion = en;
			hasScannedForEncodings = 0;
			knownRegions = (
				en,
				Base,
			);
			mainGroup = 03544EF7293C22A8008D0D72;
			productRefGroup = 03544F01293C22A8008D0D72 /* Products */;
			projectDirPath = "";
			projectRoot = "";
			targets = (
				03544EFF293C22A8008D0D72 /* TestA */,
				03544F15293C22AA008D0D72 /* TestATests */,
				03544F1F293C22AA008D0D72 /* TestAUITests */,
			);
		};
/* End PBXProject section */

/* Begin PBXResourcesBuildPhase section */
		03544EFE293C22A8008D0D72 /* Resources */ = {
			isa = PBXResourcesBuildPhase;
			buildActionMask = 2147483647;
			files = (
				03544F10293C22AA008D0D72 /* LaunchScreen.storyboard in Resources */,
				03544F0D293C22AA008D0D72 /* Assets.xcassets in Resources */,
				03544F0B293C22A8008D0D72 /* Main.storyboard in Resources */,
			);
			runOnlyForDeploymentPostprocessing = 0;
		};
		03544F14293C22AA008D0D72 /* Resources */ = {
			isa = PBXResourcesBuildPhase;
			buildActionMask = 2147483647;
			files = (
			);
			runOnlyForDeploymentPostprocessing = 0;
		};
		03544F1E293C22AA008D0D72 /* Resources */ = {
			isa = PBXResourcesBuildPhase;
			buildActionMask = 2147483647;
			files = (
			);
			runOnlyForDeploymentPostprocessing = 0;
		};
/* End PBXResourcesBuildPhase section */

/* Begin PBXSourcesBuildPhase section */
		03544EFC293C22A8008D0D72 /* Sources */ = {
			isa = PBXSourcesBuildPhase;
			buildActionMask = 2147483647;
			files = (
				03544F08293C22A8008D0D72 /* ViewController.swift in Sources */,
				03544F04293C22A8008D0D72 /* AppDelegate.swift in Sources */,
				03544F06293C22A8008D0D72 /* SceneDelegate.swift in Sources */,
			);
			runOnlyForDeploymentPostprocessing = 0;
		};
		03544F12293C22AA008D0D72 /* Sources */ = {
			isa = PBXSourcesBuildPhase;
			buildActionMask = 2147483647;
			files = (
				03544F1B293C22AA008D0D72 /* TestATests.swift in Sources */,
			);
			runOnlyForDeploymentPostprocessing = 0;
		};
		03544F1C293C22AA008D0D72 /* Sources */ = {
			isa = PBXSourcesBuildPhase;
			buildActionMask = 2147483647;
			files = (
				03544F27293C22AA008D0D72 /* TestAUITestsLaunchTests.swift in Sources */,
				03544F25293C22AA008D0D72 /* TestAUITests.swift in Sources */,
			);
			runOnlyForDeploymentPostprocessing = 0;
		};
/* End PBXSourcesBuildPhase section */

/* Begin PBXTargetDependency section */
		03544F18293C22AA008D0D72 /* PBXTargetDependency */ = {
			isa = PBXTargetDependency;
			target = 03544EFF293C22A8008D0D72 /* TestA */;
			targetProxy = 03544F17293C22AA008D0D72 /* PBXContainerItemProxy */;
		};
		03544F22293C22AA008D0D72 /* PBXTargetDependency */ = {
			isa = PBXTargetDependency;
			target = 03544EFF293C22A8008D0D72 /* TestA */;
			targetProxy = 03544F21293C22AA008D0D72 /* PBXContainerItemProxy */;
		};
/* End PBXTargetDependency section */

/* Begin PBXVariantGroup section */
		03544F09293C22A8008D0D72 /* Main.storyboard */ = {
			isa = PBXVariantGroup;
			children = (
				03544F0A293C22A8008D0D72 /* Base */,
			);
			name = Main.storyboard;
			sourceTree = "<group>";
		};
		03544F0E293C22AA008D0D72 /* LaunchScreen.storyboard */ = {
			isa = PBXVariantGroup;
			children = (
				03544F0F293C22AA008D0D72 /* Base */,
			);
			name = LaunchScreen.storyboard;
			sourceTree = "<group>";
		};
/* End PBXVariantGroup section */

/* Begin XCBuildConfiguration section */
		03544F28293C22AA008D0D72 /* Debug */ = {
			isa = XCBuildConfiguration;
			buildSettings = {
				ALWAYS_SEARCH_USER_PATHS = NO;
				CLANG_ANALYZER_NONNULL = YES;
				CLANG_ANALYZER_NUMBER_OBJECT_CONVERSION = YES_AGGRESSIVE;
				CLANG_CXX_LANGUAGE_STANDARD = "gnu++20";
				CLANG_ENABLE_MODULES = YES;
				CLANG_ENABLE_OBJC_ARC = YES;
				CLANG_ENABLE_OBJC_WEAK = YES;
				CLANG_WARN_BLOCK_CAPTURE_AUTORELEASING = YES;
				CLANG_WARN_BOOL_CONVERSION = YES;
				CLANG_WARN_COMMA = YES;
				CLANG_WARN_CONSTANT_CONVERSION = YES;
				CLANG_WARN_DEPRECATED_OBJC_IMPLEMENTATIONS = YES;
				CLANG_WARN_DIRECT_OBJC_ISA_USAGE = YES_ERROR;
				CLANG_WARN_DOCUMENTATION_COMMENTS = YES;
				CLANG_WARN_EMPTY_BODY = YES;
				CLANG_WARN_ENUM_CONVERSION = YES;
				CLANG_WARN_INFINITE_RECURSION = YES;
				CLANG_WARN_INT_CONVERSION = YES;
				CLANG_WARN_NON_LITERAL_NULL_CONVERSION = YES;
				CLANG_WARN_OBJC_IMPLICIT_RETAIN_SELF = YES;
				CLANG_WARN_OBJC_LITERAL_CONVERSION = YES;
				CLANG_WARN_OBJC_ROOT_CLASS = YES_ERROR;
				CLANG_WARN_QUOTED_INCLUDE_IN_FRAMEWORK_HEADER = YES;
				CLANG_WARN_RANGE_LOOP_ANALYSIS = YES;
				CLANG_WARN_STRICT_PROTOTYPES = YES;
				CLANG_WARN_SUSPICIOUS_MOVE = YES;
				CLANG_WARN_UNGUARDED_AVAILABILITY = YES_AGGRESSIVE;
				CLANG_WARN_UNREACHABLE_CODE = YES;
				CLANG_WARN__DUPLICATE_METHOD_MATCH = YES;
				COPY_PHASE_STRIP = NO;
				DEBUG_INFORMATION_FORMAT = dwarf;
				ENABLE_STRICT_OBJC_MSGSEND = YES;
				ENABLE_TESTABILITY = YES;
				GCC_C_LANGUAGE_STANDARD = gnu11;
				GCC_DYNAMIC_NO_PIC = NO;
				GCC_NO_COMMON_BLOCKS = YES;
				GCC_OPTIMIZATION_LEVEL = 0;
				GCC_PREPROCESSOR_DEFINITIONS = (
					"DEBUG=1",
					"$(inherited)",
				);
				GCC_WARN_64_TO_32_BIT_CONVERSION = YES;
				GCC_WARN_ABOUT_RETURN_TYPE = YES_ERROR;
				GCC_WARN_UNDECLARED_SELECTOR = YES;
				GCC_WARN_UNINITIALIZED_AUTOS = YES_AGGRESSIVE;
				GCC_WARN_UNUSED_FUNCTION = YES;
				GCC_WARN_UNUSED_VARIABLE = YES;
				IPHONEOS_DEPLOYMENT_TARGET = 16.0;
				MTL_ENABLE_DEBUG_INFO = INCLUDE_SOURCE;
				MTL_FAST_MATH = YES;
				ONLY_ACTIVE_ARCH = YES;
				SDKROOT = iphoneos;
				SWIFT_ACTIVE_COMPILATION_CONDITIONS = DEBUG;
				SWIFT_OPTIMIZATION_LEVEL = "-Onone";
			};
			name = Debug;
		};
		03544F29293C22AA008D0D72 /* Release */ = {
			isa = XCBuildConfiguration;
			buildSettings = {
				ALWAYS_SEARCH_USER_PATHS = NO;
				CLANG_ANALYZER_NONNULL = YES;
				CLANG_ANALYZER_NUMBER_OBJECT_CONVERSION = YES_AGGRESSIVE;
				CLANG_CXX_LANGUAGE_STANDARD = "gnu++20";
				CLANG_ENABLE_MODULES = YES;
				CLANG_ENABLE_OBJC_ARC = YES;
				CLANG_ENABLE_OBJC_WEAK = YES;
				CLANG_WARN_BLOCK_CAPTURE_AUTORELEASING = YES;
				CLANG_WARN_BOOL_CONVERSION = YES;
				CLANG_WARN_COMMA = YES;
				CLANG_WARN_CONSTANT_CONVERSION = YES;
				CLANG_WARN_DEPRECATED_OBJC_IMPLEMENTATIONS = YES;
				CLANG_WARN_DIRECT_OBJC_ISA_USAGE = YES_ERROR;
				CLANG_WARN_DOCUMENTATION_COMMENTS = YES;
				CLANG_WARN_EMPTY_BODY = YES;
				CLANG_WARN_ENUM_CONVERSION = YES;
				CLANG_WARN_INFINITE_RECURSION = YES;
				CLANG_WARN_INT_CONVERSION = YES;
				CLANG_WARN_NON_LITERAL_NULL_CONVERSION = YES;
				CLANG_WARN_OBJC_IMPLICIT_RETAIN_SELF = YES;
				CLANG_WARN_OBJC_LITERAL_CONVERSION = YES;
				CLANG_WARN_OBJC_ROOT_CLASS = YES_ERROR;
				CLANG_WARN_QUOTED_INCLUDE_IN_FRAMEWORK_HEADER = YES;
				CLANG_WARN_RANGE_LOOP_ANALYSIS = YES;
				CLANG_WARN_STRICT_PROTOTYPES = YES;
				CLANG_WARN_SUSPICIOUS_MOVE = YES;
				CLANG_WARN_UNGUARDED_AVAILABILITY = YES_AGGRESSIVE;
				CLANG_WARN_UNREACHABLE_CODE = YES;
				CLANG_WARN__DUPLICATE_METHOD_MATCH = YES;
				COPY_PHASE_STRIP = NO;
				DEBUG_INFORMATION_FORMAT = "dwarf-with-dsym";
				ENABLE_NS_ASSERTIONS = NO;
				ENABLE_STRICT_OBJC_MSGSEND = YES;
				GCC_C_LANGUAGE_STANDARD = gnu11;
				GCC_NO_COMMON_BLOCKS = YES;
				GCC_WARN_64_TO_32_BIT_CONVERSION = YES;
				GCC_WARN_ABOUT_RETURN_TYPE = YES_ERROR;
				GCC_WARN_UNDECLARED_SELECTOR = YES;
				GCC_WARN_UNINITIALIZED_AUTOS = YES_AGGRESSIVE;
				GCC_WARN_UNUSED_FUNCTION = YES;
				GCC_WARN_UNUSED_VARIABLE = YES;
				IPHONEOS_DEPLOYMENT_TARGET = 16.0;
				MTL_ENABLE_DEBUG_INFO = NO;
				MTL_FAST_MATH = YES;
				SDKROOT = iphoneos;
				SWIFT_COMPILATION_MODE = wholemodule;
				SWIFT_OPTIMIZATION_LEVEL = "-O";
				VALIDATE_PRODUCT = YES;
			};
			name = Release;
		};
		03544F2B293C22AA008D0D72 /* Debug */ = {
			isa = XCBuildConfiguration;
			buildSettings = {
				ASSETCATALOG_COMPILER_APPICON_NAME = AppIcon;
				ASSETCATALOG_COMPILER_GLOBAL_ACCENT_COLOR_NAME = AccentColor;
				CODE_SIGN_STYLE = Automatic;
				CURRENT_PROJECT_VERSION = 1;
				GENERATE_INFOPLIST_FILE = YES;
				INFOPLIST_FILE = TestA/Info.plist;
				INFOPLIST_KEY_UIApplicationSupportsIndirectInputEvents = YES;
				INFOPLIST_KEY_UILaunchStoryboardName = LaunchScreen;
				INFOPLIST_KEY_UIMainStoryboardFile = Main;
				INFOPLIST_KEY_UISupportedInterfaceOrientations_iPad = "UIInterfaceOrientationPortrait UIInterfaceOrientationPortraitUpsideDown UIInterfaceOrientationLandscapeLeft UIInterfaceOrientationLandscapeRight";
				INFOPLIST_KEY_UISupportedInterfaceOrientations_iPhone = "UIInterfaceOrientationPortrait UIInterfaceOrientationLandscapeLeft UIInterfaceOrientationLandscapeRight";
				LD_RUNPATH_SEARCH_PATHS = (
					"$(inherited)",
					"@executable_path/Frameworks",
				);
				MARKETING_VERSION = 1.0;
				PRODUCT_BUNDLE_IDENTIFIER = Test.TestA;
				PRODUCT_NAME = "$(TARGET_NAME)";
				SWIFT_EMIT_LOC_STRINGS = YES;
				SWIFT_VERSION = 5.0;
				TARGETED_DEVICE_FAMILY = "1,2";
			};
			name = Debug;
		};
		03544F2C293C22AA008D0D72 /* Release */ = {
			isa = XCBuildConfiguration;
			buildSettings = {
				ASSETCATALOG_COMPILER_APPICON_NAME = AppIcon;
				ASSETCATALOG_COMPILER_GLOBAL_ACCENT_COLOR_NAME = AccentColor;
				CODE_SIGN_STYLE = Automatic;
				CURRENT_PROJECT_VERSION = 1;
				GENERATE_INFOPLIST_FILE = YES;
				INFOPLIST_FILE = TestA/Info.plist;
				INFOPLIST_KEY_UIApplicationSupportsIndirectInputEvents = YES;
				INFOPLIST_KEY_UILaunchStoryboardName = LaunchScreen;
				INFOPLIST_KEY_UIMainStoryboardFile = Main;
				INFOPLIST_KEY_UISupportedInterfaceOrientations_iPad = "UIInterfaceOrientationPortrait UIInterfaceOrientationPortraitUpsideDown UIInterfaceOrientationLandscapeLeft UIInterfaceOrientationLandscapeRight";
				INFOPLIST_KEY_UISupportedInterfaceOrientations_iPhone = "UIInterfaceOrientationPortrait UIInterfaceOrientationLandscapeLeft UIInterfaceOrientationLandscapeRight";
				LD_RUNPATH_SEARCH_PATHS = (
					"$(inherited)",
					"@executable_path/Frameworks",
				);
				MARKETING_VERSION = 1.0;
				PRODUCT_BUNDLE_IDENTIFIER = Test.TestA;
				PRODUCT_NAME = "$(TARGET_NAME)";
				SWIFT_EMIT_LOC_STRINGS = YES;
				SWIFT_VERSION = 5.0;
				TARGETED_DEVICE_FAMILY = "1,2";
			};
			name = Release;
		};
		03544F2E293C22AA008D0D72 /* Debug */ = {
			isa = XCBuildConfiguration;
			buildSettings = {
				ALWAYS_EMBED_SWIFT_STANDARD_LIBRARIES = YES;
				BUNDLE_LOADER = "$(TEST_HOST)";
				CODE_SIGN_STYLE = Automatic;
				CURRENT_PROJECT_VERSION = 1;
				GENERATE_INFOPLIST_FILE = YES;
				IPHONEOS_DEPLOYMENT_TARGET = 16.0;
				MARKETING_VERSION = 1.0;
				PRODUCT_BUNDLE_IDENTIFIER = Test.TestATests;
				PRODUCT_NAME = "$(TARGET_NAME)";
				SWIFT_EMIT_LOC_STRINGS = NO;
				SWIFT_VERSION = 5.0;
				TARGETED_DEVICE_FAMILY = "1,2";
				TEST_HOST = "$(BUILT_PRODUCTS_DIR)/TestA.app/$(BUNDLE_EXECUTABLE_FOLDER_PATH)/TestA";
			};
			name = Debug;
		};
		03544F2F293C22AA008D0D72 /* Release */ = {
			isa = XCBuildConfiguration;
			buildSettings = {
				ALWAYS_EMBED_SWIFT_STANDARD_LIBRARIES = YES;
				BUNDLE_LOADER = "$(TEST_HOST)";
				CODE_SIGN_STYLE = Automatic;
				CURRENT_PROJECT_VERSION = 1;
				GENERATE_INFOPLIST_FILE = YES;
				IPHONEOS_DEPLOYMENT_TARGET = 16.0;
				MARKETING_VERSION = 1.0;
				PRODUCT_BUNDLE_IDENTIFIER = Test.TestATests;
				PRODUCT_NAME = "$(TARGET_NAME)";
				SWIFT_EMIT_LOC_STRINGS = NO;
				SWIFT_VERSION = 5.0;
				TARGETED_DEVICE_FAMILY = "1,2";
				TEST_HOST = "$(BUILT_PRODUCTS_DIR)/TestA.app/$(BUNDLE_EXECUTABLE_FOLDER_PATH)/TestA";
			};
			name = Release;
		};
		03544F31293C22AA008D0D72 /* Debug */ = {
			isa = XCBuildConfiguration;
			buildSettings = {
				ALWAYS_EMBED_SWIFT_STANDARD_LIBRARIES = YES;
				CODE_SIGN_STYLE = Automatic;
				CURRENT_PROJECT_VERSION = 1;
				GENERATE_INFOPLIST_FILE = YES;
				MARKETING_VERSION = 1.0;
				PRODUCT_BUNDLE_IDENTIFIER = Test.TestAUITests;
				PRODUCT_NAME = "$(TARGET_NAME)";
				SWIFT_EMIT_LOC_STRINGS = NO;
				SWIFT_VERSION = 5.0;
				TARGETED_DEVICE_FAMILY = "1,2";
				TEST_TARGET_NAME = TestA;
			};
			name = Debug;
		};
		03544F32293C22AA008D0D72 /* Release */ = {
			isa = XCBuildConfiguration;
			buildSettings = {
				ALWAYS_EMBED_SWIFT_STANDARD_LIBRARIES = YES;
				CODE_SIGN_STYLE = Automatic;
				CURRENT_PROJECT_VERSION = 1;
				GENERATE_INFOPLIST_FILE = YES;
				MARKETING_VERSION = 1.0;
				PRODUCT_BUNDLE_IDENTIFIER = Test.TestAUITests;
				PRODUCT_NAME = "$(TARGET_NAME)";
				SWIFT_EMIT_LOC_STRINGS = NO;
				SWIFT_VERSION = 5.0;
				TARGETED_DEVICE_FAMILY = "1,2";
				TEST_TARGET_NAME = TestA;
			};
			name = Release;
		};
/* End XCBuildConfiguration section */

/* Begin XCConfigurationList section */
		03544EFB293C22A8008D0D72 /* Build configuration list for PBXProject "TestA" */ = {
			isa = XCConfigurationList;
			buildConfigurations = (
				03544F28293C22AA008D0D72 /* Debug */,
				03544F29293C22AA008D0D72 /* Release */,
			);
			defaultConfigurationIsVisible = 0;
			defaultConfigurationName = Release;
		};
		03544F2A293C22AA008D0D72 /* Build configuration list for PBXNativeTarget "TestA" */ = {
			isa = XCConfigurationList;
			buildConfigurations = (
				03544F2B293C22AA008D0D72 /* Debug */,
				03544F2C293C22AA008D0D72 /* Release */,
			);
			defaultConfigurationIsVisible = 0;
			defaultConfigurationName = Release;
		};
		03544F2D293C22AA008D0D72 /* Build configuration list for PBXNativeTarget "TestATests" */ = {
			isa = XCConfigurationList;
			buildConfigurations = (
				03544F2E293C22AA008D0D72 /* Debug */,
				03544F2F293C22AA008D0D72 /* Release */,
			);
			defaultConfigurationIsVisible = 0;
			defaultConfigurationName = Release;
		};
		03544F30293C22AA008D0D72 /* Build configuration list for PBXNativeTarget "TestAUITests" */ = {
			isa = XCConfigurationList;
			buildConfigurations = (
				03544F31293C22AA008D0D72 /* Debug */,
				03544F32293C22AA008D0D72 /* Release */,
			);
			defaultConfigurationIsVisible = 0;
			defaultConfigurationName = Release;
		};
/* End XCConfigurationList section */
	};
	rootObject = 03544EF8293C22A8008D0D72 /* Project object */;
}
